
Microsoft Visual Studio Solution File, Format Version 12.00
# Visual Studio Version 17
VisualStudioVersion = 17.2.32526.322
MinimumVisualStudioVersion = 10.0.40219.1
Project("{FAE04EC0-301F-11D3-BF4B-00C04F79EFBC}") = "AWE_Projekt", "AWE_Projekt\AWE_Projekt.csproj", "{62813565-4694-4D1A-93A5-B1CE8F6D3E5B}"
EndProject
Global
	GlobalSection(SolutionConfigurationPlatforms) = preSolution
		Debug|Any CPU = Debug|Any CPU
		Release|Any CPU = Release|Any CPU
	EndGlobalSection
	GlobalSection(ProjectConfigurationPlatforms) = postSolution
		{62813565-4694-4D1A-93A5-B1CE8F6D3E5B}.Debug|Any CPU.ActiveCfg = Debug|Any CPU
		{62813565-4694-4D1A-93A5-B1CE8F6D3E5B}.Debug|Any CPU.Build.0 = Debug|Any CPU
		{62813565-4694-4D1A-93A5-B1CE8F6D3E5B}.Release|Any CPU.ActiveCfg = Release|Any CPU
		{62813565-4694-4D1A-93A5-B1CE8F6D3E5B}.Release|Any CPU.Build.0 = Release|Any CPU
	EndGlobalSection
	GlobalSection(SolutionProperties) = preSolution
		HideSolutionNode = FALSE
	EndGlobalSection
	GlobalSection(ExtensibilityGlobals) = postSolution
		SolutionGuid = {CC54D424-8759-487D-B457-339A159A8A85}
	EndGlobalSection
EndGlobal
